
Microsoft Visual Studio Solution File, Format Version 12.00
# Visual Studio Version 17
VisualStudioVersion = 17.6.33513.286
MinimumVisualStudioVersion = 10.0.40219.1
Project("{FAE04EC0-301F-11D3-BF4B-00C04F79EFBC}") = "Facade_DesignPattern", "Facade_DesignPattern\Facade_DesignPattern.csproj", "{8991CC51-7534-44D4-841D-7A5E16AC399A}"
EndProject
Global
	GlobalSection(SolutionConfigurationPlatforms) = preSolution
		Debug|Any CPU = Debug|Any CPU
		Release|Any CPU = Release|Any CPU
	EndGlobalSection
	GlobalSection(ProjectConfigurationPlatforms) = postSolution
		{8991CC51-7534-44D4-841D-7A5E16AC399A}.Debug|Any CPU.ActiveCfg = Debug|Any CPU
		{8991CC51-7534-44D4-841D-7A5E16AC399A}.Debug|Any CPU.Build.0 = Debug|Any CPU
		{8991CC51-7534-44D4-841D-7A5E16AC399A}.Release|Any CPU.ActiveCfg = Release|Any CPU
		{8991CC51-7534-44D4-841D-7A5E16AC399A}.Release|Any CPU.Build.0 = Release|Any CPU
	EndGlobalSection
	GlobalSection(SolutionProperties) = preSolution
		HideSolutionNode = FALSE
	EndGlobalSection
	GlobalSection(ExtensibilityGlobals) = postSolution
		SolutionGuid = {82C0ABDB-FBB3-4AA0-BB39-79B0980A22DD}
	EndGlobalSection
EndGlobal
